
Microsoft Visual Studio Solution File, Format Version 12.00
# Visual Studio 15
VisualStudioVersion = 15.0.27428.1
MinimumVisualStudioVersion = 10.0.40219.1
Project("{FAE04EC0-301F-11D3-BF4B-00C04F79EFBC}") = "CT4027_Assignment1_Rhys_Wareham", "CT4027_Assignment1_Rhys_Wareham\CT4027_Assignment1_Rhys_Wareham.csproj", "{7F968F5E-0292-419C-8D37-94A33CF476F7}"
EndProject
Global
	GlobalSection(SolutionConfigurationPlatforms) = preSolution
		Debug|Any CPU = Debug|Any CPU
		Release|Any CPU = Release|Any CPU
	EndGlobalSection
	GlobalSection(ProjectConfigurationPlatforms) = postSolution
		{7F968F5E-0292-419C-8D37-94A33CF476F7}.Debug|Any CPU.ActiveCfg = Debug|Any CPU
		{7F968F5E-0292-419C-8D37-94A33CF476F7}.Debug|Any CPU.Build.0 = Debug|Any CPU
		{7F968F5E-0292-419C-8D37-94A33CF476F7}.Release|Any CPU.ActiveCfg = Release|Any CPU
		{7F968F5E-0292-419C-8D37-94A33CF476F7}.Release|Any CPU.Build.0 = Release|Any CPU
	EndGlobalSection
	GlobalSection(SolutionProperties) = preSolution
		HideSolutionNode = FALSE
	EndGlobalSection
	GlobalSection(ExtensibilityGlobals) = postSolution
		SolutionGuid = {7AA95A0F-E5E7-463A-8CCC-1BC7BDEE4B38}
	EndGlobalSection
EndGlobal
